
Microsoft Visual Studio Solution File, Format Version 12.00
# Visual Studio 15
VisualStudioVersion = 15.0.26430.6
MinimumVisualStudioVersion = 10.0.40219.1
Project("{FAE04EC0-301F-11D3-BF4B-00C04F79EFBC}") = "Server", "Sockets\Server.csproj", "{C6DF45B7-3F31-4EB2-BDC5-5D2C616A6704}"
EndProject
Project("{FAE04EC0-301F-11D3-BF4B-00C04F79EFBC}") = "Client", "Cliente\Client.csproj", "{57444C16-E7AC-4196-92D9-24507B7BFA94}"
EndProject
Project("{FAE04EC0-301F-11D3-BF4B-00C04F79EFBC}") = "Protocol", "ClassLibrary\Protocol.csproj", "{EB71029B-3998-4881-9E31-83B69BFABD91}"
EndProject
Project("{FAE04EC0-301F-11D3-BF4B-00C04F79EFBC}") = "Domain", "Domain\Domain.csproj", "{6D5B56FD-0CCC-43CE-AFA6-CC2314D6FD70}"
EndProject
Project("{FAE04EC0-301F-11D3-BF4B-00C04F79EFBC}") = "Log", "Log\Log.csproj", "{0E42B7E2-7235-4088-B897-FA66A0DD9C2F}"
EndProject
Project("{FAE04EC0-301F-11D3-BF4B-00C04F79EFBC}") = "WCFLibrary", "WCFLibrary\WCFLibrary.csproj", "{71AB1715-5A7D-4A3A-90E7-3D8DDAF6CC87}"
EndProject
Project("{FAE04EC0-301F-11D3-BF4B-00C04F79EFBC}") = "WCFConsoleHost", "WCFConsoleHost\WCFConsoleHost.csproj", "{97F23B6A-D206-4540-B16E-93F7A50812B7}"
EndProject
Project("{FAE04EC0-301F-11D3-BF4B-00C04F79EFBC}") = "WCFUserClient", "WCFUserClient\WCFUserClient.csproj", "{B8CA5CCD-A788-4F38-A2B5-99D76946A8D0}"
EndProject
Project("{FAE04EC0-301F-11D3-BF4B-00C04F79EFBC}") = "RemotingUsersHost", "RemotingUsersHost\RemotingUsersHost.csproj", "{0716801C-3558-4A74-819C-B5AC1328CD3C}"
EndProject
Project("{9A19103F-16F7-4668-BE54-9A1E7A4F7556}") = "IUserService", "IUserService\IUserService.csproj", "{A5CDB04E-F69E-4DD9-95E2-C4CA0983455A}"
EndProject
Global
	GlobalSection(SolutionConfigurationPlatforms) = preSolution
		Debug|Any CPU = Debug|Any CPU
		Release|Any CPU = Release|Any CPU
	EndGlobalSection
	GlobalSection(ProjectConfigurationPlatforms) = postSolution
		{C6DF45B7-3F31-4EB2-BDC5-5D2C616A6704}.Debug|Any CPU.ActiveCfg = Debug|Any CPU
		{C6DF45B7-3F31-4EB2-BDC5-5D2C616A6704}.Debug|Any CPU.Build.0 = Debug|Any CPU
		{C6DF45B7-3F31-4EB2-BDC5-5D2C616A6704}.Release|Any CPU.ActiveCfg = Release|Any CPU
		{C6DF45B7-3F31-4EB2-BDC5-5D2C616A6704}.Release|Any CPU.Build.0 = Release|Any CPU
		{57444C16-E7AC-4196-92D9-24507B7BFA94}.Debug|Any CPU.ActiveCfg = Debug|Any CPU
		{57444C16-E7AC-4196-92D9-24507B7BFA94}.Debug|Any CPU.Build.0 = Debug|Any CPU
		{57444C16-E7AC-4196-92D9-24507B7BFA94}.Release|Any CPU.ActiveCfg = Release|Any CPU
		{57444C16-E7AC-4196-92D9-24507B7BFA94}.Release|Any CPU.Build.0 = Release|Any CPU
		{EB71029B-3998-4881-9E31-83B69BFABD91}.Debug|Any CPU.ActiveCfg = Debug|Any CPU
		{EB71029B-3998-4881-9E31-83B69BFABD91}.Debug|Any CPU.Build.0 = Debug|Any CPU
		{EB71029B-3998-4881-9E31-83B69BFABD91}.Release|Any CPU.ActiveCfg = Release|Any CPU
		{EB71029B-3998-4881-9E31-83B69BFABD91}.Release|Any CPU.Build.0 = Release|Any CPU
		{6D5B56FD-0CCC-43CE-AFA6-CC2314D6FD70}.Debug|Any CPU.ActiveCfg = Debug|Any CPU
		{6D5B56FD-0CCC-43CE-AFA6-CC2314D6FD70}.Debug|Any CPU.Build.0 = Debug|Any CPU
		{6D5B56FD-0CCC-43CE-AFA6-CC2314D6FD70}.Release|Any CPU.ActiveCfg = Release|Any CPU
		{6D5B56FD-0CCC-43CE-AFA6-CC2314D6FD70}.Release|Any CPU.Build.0 = Release|Any CPU
		{0E42B7E2-7235-4088-B897-FA66A0DD9C2F}.Debug|Any CPU.ActiveCfg = Debug|Any CPU
		{0E42B7E2-7235-4088-B897-FA66A0DD9C2F}.Debug|Any CPU.Build.0 = Debug|Any CPU
		{0E42B7E2-7235-4088-B897-FA66A0DD9C2F}.Release|Any CPU.ActiveCfg = Release|Any CPU
		{0E42B7E2-7235-4088-B897-FA66A0DD9C2F}.Release|Any CPU.Build.0 = Release|Any CPU
		{71AB1715-5A7D-4A3A-90E7-3D8DDAF6CC87}.Debug|Any CPU.ActiveCfg = Debug|Any CPU
		{71AB1715-5A7D-4A3A-90E7-3D8DDAF6CC87}.Debug|Any CPU.Build.0 = Debug|Any CPU
		{71AB1715-5A7D-4A3A-90E7-3D8DDAF6CC87}.Release|Any CPU.ActiveCfg = Release|Any CPU
		{71AB1715-5A7D-4A3A-90E7-3D8DDAF6CC87}.Release|Any CPU.Build.0 = Release|Any CPU
		{97F23B6A-D206-4540-B16E-93F7A50812B7}.Debug|Any CPU.ActiveCfg = Debug|Any CPU
		{97F23B6A-D206-4540-B16E-93F7A50812B7}.Debug|Any CPU.Build.0 = Debug|Any CPU
		{97F23B6A-D206-4540-B16E-93F7A50812B7}.Release|Any CPU.ActiveCfg = Release|Any CPU
		{97F23B6A-D206-4540-B16E-93F7A50812B7}.Release|Any CPU.Build.0 = Release|Any CPU
		{B8CA5CCD-A788-4F38-A2B5-99D76946A8D0}.Debug|Any CPU.ActiveCfg = Debug|Any CPU
		{B8CA5CCD-A788-4F38-A2B5-99D76946A8D0}.Debug|Any CPU.Build.0 = Debug|Any CPU
		{B8CA5CCD-A788-4F38-A2B5-99D76946A8D0}.Release|Any CPU.ActiveCfg = Release|Any CPU
		{B8CA5CCD-A788-4F38-A2B5-99D76946A8D0}.Release|Any CPU.Build.0 = Release|Any CPU
		{0716801C-3558-4A74-819C-B5AC1328CD3C}.Debug|Any CPU.ActiveCfg = Debug|Any CPU
		{0716801C-3558-4A74-819C-B5AC1328CD3C}.Debug|Any CPU.Build.0 = Debug|Any CPU
		{0716801C-3558-4A74-819C-B5AC1328CD3C}.Release|Any CPU.ActiveCfg = Release|Any CPU
		{0716801C-3558-4A74-819C-B5AC1328CD3C}.Release|Any CPU.Build.0 = Release|Any CPU
		{A5CDB04E-F69E-4DD9-95E2-C4CA0983455A}.Debug|Any CPU.ActiveCfg = Debug|Any CPU
		{A5CDB04E-F69E-4DD9-95E2-C4CA0983455A}.Debug|Any CPU.Build.0 = Debug|Any CPU
		{A5CDB04E-F69E-4DD9-95E2-C4CA0983455A}.Release|Any CPU.ActiveCfg = Release|Any CPU
		{A5CDB04E-F69E-4DD9-95E2-C4CA0983455A}.Release|Any CPU.Build.0 = Release|Any CPU
	EndGlobalSection
	GlobalSection(SolutionProperties) = preSolution
		HideSolutionNode = FALSE
	EndGlobalSection
	GlobalSection(ExtensibilityGlobals) = postSolution
		SolutionGuid = {1962C3BD-15B0-499A-BA36-80D863293D8F}
	EndGlobalSection
EndGlobal
